
Microsoft Visual Studio Solution File, Format Version 12.00
# Visual Studio 2015
Project("{FAE04EC0-301F-11D3-BF4B-00C04F79EFBC}") = "FirstAndroidGame", "FirstAndroidGame.csproj", "{A8771DF0-04E7-26A2-1B02-CA2A9561FCA2}"
EndProject
Global
	GlobalSection(SolutionConfigurationPlatforms) = preSolution
		Debug|Any CPU = Debug|Any CPU
		Release|Any CPU = Release|Any CPU
	EndGlobalSection
	GlobalSection(ProjectConfigurationPlatforms) = postSolution
		{A8771DF0-04E7-26A2-1B02-CA2A9561FCA2}.Debug|Any CPU.ActiveCfg = Debug|Any CPU
		{A8771DF0-04E7-26A2-1B02-CA2A9561FCA2}.Debug|Any CPU.Build.0 = Debug|Any CPU
		{A8771DF0-04E7-26A2-1B02-CA2A9561FCA2}.Release|Any CPU.ActiveCfg = Release|Any CPU
		{A8771DF0-04E7-26A2-1B02-CA2A9561FCA2}.Release|Any CPU.Build.0 = Release|Any CPU
	EndGlobalSection
	GlobalSection(SolutionProperties) = preSolution
		HideSolutionNode = FALSE
	EndGlobalSection
EndGlobal
